
Microsoft Visual Studio Solution File, Format Version 12.00
# Visual Studio 2013
VisualStudioVersion = 12.0.21005.1
MinimumVisualStudioVersion = 10.0.40219.1
Project("{FAE04EC0-301F-11D3-BF4B-00C04F79EFBC}") = "Tips", "Tips.csproj", "{D7052BD8-6E6D-4FAE-9CBF-EC4303CD1D53}"
EndProject
Project("{FAE04EC0-301F-11D3-BF4B-00C04F79EFBC}") = "WinForms", "..\WinForms\WinForms.csproj", "{CD4D5876-6B5E-4248-9F9C-75F694FBC770}"
EndProject
Project("{8BC9CEB8-8B4A-11D0-8D11-00A0C91BC942}") = "MFCDlg", "..\MFCDlg\MFCDlg.vcxproj", "{F74A71FB-5252-43AC-BB96-F782F1DA287A}"
EndProject
Project("{FAE04EC0-301F-11D3-BF4B-00C04F79EFBC}") = "Wpf", "..\Wpf\Wpf.csproj", "{BEE3850A-D9AE-4304-B4A5-6B4087CE3831}"
EndProject
Global
	GlobalSection(SolutionConfigurationPlatforms) = preSolution
		Debug|Any CPU = Debug|Any CPU
		Debug|Mixed Platforms = Debug|Mixed Platforms
		Debug|Win32 = Debug|Win32
		Release|Any CPU = Release|Any CPU
		Release|Mixed Platforms = Release|Mixed Platforms
		Release|Win32 = Release|Win32
	EndGlobalSection
	GlobalSection(ProjectConfigurationPlatforms) = postSolution
		{D7052BD8-6E6D-4FAE-9CBF-EC4303CD1D53}.Debug|Any CPU.ActiveCfg = Debug|Any CPU
		{D7052BD8-6E6D-4FAE-9CBF-EC4303CD1D53}.Debug|Any CPU.Build.0 = Debug|Any CPU
		{D7052BD8-6E6D-4FAE-9CBF-EC4303CD1D53}.Debug|Mixed Platforms.ActiveCfg = Debug|Any CPU
		{D7052BD8-6E6D-4FAE-9CBF-EC4303CD1D53}.Debug|Mixed Platforms.Build.0 = Debug|Any CPU
		{D7052BD8-6E6D-4FAE-9CBF-EC4303CD1D53}.Debug|Win32.ActiveCfg = Debug|Any CPU
		{D7052BD8-6E6D-4FAE-9CBF-EC4303CD1D53}.Release|Any CPU.ActiveCfg = Release|Any CPU
		{D7052BD8-6E6D-4FAE-9CBF-EC4303CD1D53}.Release|Any CPU.Build.0 = Release|Any CPU
		{D7052BD8-6E6D-4FAE-9CBF-EC4303CD1D53}.Release|Mixed Platforms.ActiveCfg = Release|Any CPU
		{D7052BD8-6E6D-4FAE-9CBF-EC4303CD1D53}.Release|Mixed Platforms.Build.0 = Release|Any CPU
		{D7052BD8-6E6D-4FAE-9CBF-EC4303CD1D53}.Release|Win32.ActiveCfg = Release|Any CPU
		{CD4D5876-6B5E-4248-9F9C-75F694FBC770}.Debug|Any CPU.ActiveCfg = Debug|Any CPU
		{CD4D5876-6B5E-4248-9F9C-75F694FBC770}.Debug|Any CPU.Build.0 = Debug|Any CPU
		{CD4D5876-6B5E-4248-9F9C-75F694FBC770}.Debug|Mixed Platforms.ActiveCfg = Debug|Any CPU
		{CD4D5876-6B5E-4248-9F9C-75F694FBC770}.Debug|Mixed Platforms.Build.0 = Debug|Any CPU
		{CD4D5876-6B5E-4248-9F9C-75F694FBC770}.Debug|Win32.ActiveCfg = Debug|Any CPU
		{CD4D5876-6B5E-4248-9F9C-75F694FBC770}.Release|Any CPU.ActiveCfg = Release|Any CPU
		{CD4D5876-6B5E-4248-9F9C-75F694FBC770}.Release|Any CPU.Build.0 = Release|Any CPU
		{CD4D5876-6B5E-4248-9F9C-75F694FBC770}.Release|Mixed Platforms.ActiveCfg = Release|Any CPU
		{CD4D5876-6B5E-4248-9F9C-75F694FBC770}.Release|Mixed Platforms.Build.0 = Release|Any CPU
		{CD4D5876-6B5E-4248-9F9C-75F694FBC770}.Release|Win32.ActiveCfg = Release|Any CPU
		{F74A71FB-5252-43AC-BB96-F782F1DA287A}.Debug|Any CPU.ActiveCfg = Debug|Win32
		{F74A71FB-5252-43AC-BB96-F782F1DA287A}.Debug|Mixed Platforms.ActiveCfg = Debug|Win32
		{F74A71FB-5252-43AC-BB96-F782F1DA287A}.Debug|Mixed Platforms.Build.0 = Debug|Win32
		{F74A71FB-5252-43AC-BB96-F782F1DA287A}.Debug|Win32.ActiveCfg = Debug|Win32
		{F74A71FB-5252-43AC-BB96-F782F1DA287A}.Debug|Win32.Build.0 = Debug|Win32
		{F74A71FB-5252-43AC-BB96-F782F1DA287A}.Release|Any CPU.ActiveCfg = Release|Win32
		{F74A71FB-5252-43AC-BB96-F782F1DA287A}.Release|Mixed Platforms.ActiveCfg = Release|Win32
		{F74A71FB-5252-43AC-BB96-F782F1DA287A}.Release|Mixed Platforms.Build.0 = Release|Win32
		{F74A71FB-5252-43AC-BB96-F782F1DA287A}.Release|Win32.ActiveCfg = Release|Win32
		{F74A71FB-5252-43AC-BB96-F782F1DA287A}.Release|Win32.Build.0 = Release|Win32
		{BEE3850A-D9AE-4304-B4A5-6B4087CE3831}.Debug|Any CPU.ActiveCfg = Debug|Any CPU
		{BEE3850A-D9AE-4304-B4A5-6B4087CE3831}.Debug|Any CPU.Build.0 = Debug|Any CPU
		{BEE3850A-D9AE-4304-B4A5-6B4087CE3831}.Debug|Mixed Platforms.ActiveCfg = Debug|Any CPU
		{BEE3850A-D9AE-4304-B4A5-6B4087CE3831}.Debug|Mixed Platforms.Build.0 = Debug|Any CPU
		{BEE3850A-D9AE-4304-B4A5-6B4087CE3831}.Debug|Win32.ActiveCfg = Debug|Any CPU
		{BEE3850A-D9AE-4304-B4A5-6B4087CE3831}.Release|Any CPU.ActiveCfg = Release|Any CPU
		{BEE3850A-D9AE-4304-B4A5-6B4087CE3831}.Release|Any CPU.Build.0 = Release|Any CPU
		{BEE3850A-D9AE-4304-B4A5-6B4087CE3831}.Release|Mixed Platforms.ActiveCfg = Release|Any CPU
		{BEE3850A-D9AE-4304-B4A5-6B4087CE3831}.Release|Mixed Platforms.Build.0 = Release|Any CPU
		{BEE3850A-D9AE-4304-B4A5-6B4087CE3831}.Release|Win32.ActiveCfg = Release|Any CPU
	EndGlobalSection
	GlobalSection(SolutionProperties) = preSolution
		HideSolutionNode = FALSE
	EndGlobalSection
EndGlobal
